# THIS IS AN AUTOGENERATED FILE. DO NOT EDIT THIS FILE DIRECTLY.
# yarn lockfile v1


"@angular/animations@^6.1.4":
  version "6.1.4"
  resolved "http://ai-linapp1022.statoil.no:4873/@angular%2fanimations/-/animations-6.1.4.tgz#ca17acd62b9328404671a569fbf3065472527174"
  dependencies:
    tslib "^1.9.0"

"@angular/cdk@^6.0.0":
  version "6.4.6"
  resolved "http://ai-linapp1022.statoil.no:4873/@angular%2fcdk/-/cdk-6.4.6.tgz#478ec4010b193a0fb4c246768af4ab6854799a49"
  dependencies:
    tslib "^1.7.1"

"@angular/common@^6.1.4":
  version "6.1.4"
  resolved "http://ai-linapp1022.statoil.no:4873/@angular%2fcommon/-/common-6.1.4.tgz#825de5b1fb98db5a1d3d2253ad7181bb25477551"
  dependencies:
    tslib "^1.9.0"

"@angular/compiler@^6.1.4":
  version "6.1.4"
  resolved "http://ai-linapp1022.statoil.no:4873/@angular%2fcompiler/-/compiler-6.1.4.tgz#479e792ce012dc8481f1d87b919fcddb11c8eee0"
  dependencies:
    tslib "^1.9.0"

"@angular/core@^6.1.4":
  version "6.1.4"
  resolved "http://ai-linapp1022.statoil.no:4873/@angular%2fcore/-/core-6.1.4.tgz#2602ecc031bbb4ad968a7db78786017e92d19b98"
  dependencies:
    tslib "^1.9.0"

"@angular/forms@^6.1.4":
  version "6.1.4"
  resolved "http://ai-linapp1022.statoil.no:4873/@angular%2fforms/-/forms-6.1.4.tgz#d0b83f9cd4cb35f58ee67766d17aae0cbd7de561"
  dependencies:
    tslib "^1.9.0"

"@angular/http@^6.1.4":
  version "6.1.4"
  resolved "http://ai-linapp1022.statoil.no:4873/@angular%2fhttp/-/http-6.1.4.tgz#0ab24a51075daaba60a4241200c44dcfcd87da5e"
  dependencies:
    tslib "^1.9.0"

"@angular/material@^6.4.6":
  version "6.4.6"
  resolved "http://ai-linapp1022.statoil.no:4873/@angular%2fmaterial/-/material-6.4.6.tgz#30c3dd83173f42a1df28db084930f242706d323a"
  dependencies:
    tslib "^1.7.1"
  optionalDependencies:
    parse5 "^5.0.0"

"@angular/platform-browser-dynamic@^6.1.4":
  version "6.1.4"
  resolved "http://ai-linapp1022.statoil.no:4873/@angular%2fplatform-browser-dynamic/-/platform-browser-dynamic-6.1.4.tgz#1af3549decadfb8e73513d917eaa5479184c39ea"
  dependencies:
    tslib "^1.9.0"

"@angular/platform-browser@^6.1.4":
  version "6.1.4"
  resolved "http://ai-linapp1022.statoil.no:4873/@angular%2fplatform-browser/-/platform-browser-6.1.4.tgz#a5763f549f2073ba30b9d8baf8512c8076e8d58b"
  dependencies:
    tslib "^1.9.0"

"@angular/platform-server@^6.1.4":
  version "6.1.4"
  resolved "http://ai-linapp1022.statoil.no:4873/@angular%2fplatform-server/-/platform-server-6.1.4.tgz#df9fb37ad58605159f2aa1f777c6260491858c3f"
  dependencies:
    domino "^2.0.1"
    tslib "^1.9.0"
    xhr2 "^0.1.4"

"@angular/router@^6.1.4":
  version "6.1.4"
  resolved "http://ai-linapp1022.statoil.no:4873/@angular%2frouter/-/router-6.1.4.tgz#ec6d7400baea46386e3bbcf3e3acb0135f368fac"
  dependencies:
    tslib "^1.9.0"

core-js@^2.5.4:
  version "2.5.7"
  resolved "http://ai-linapp1022.statoil.no:4873/core-js/-/core-js-2.5.7.tgz#f972608ff0cead68b841a16a932d0b183791814e"

date-fns@^1.29.0:
  version "1.29.0"
  resolved "http://ai-linapp1022.statoil.no:4873/date-fns/-/date-fns-1.29.0.tgz#12e609cdcb935127311d04d33334e2960a2a54e6"

domino@^2.0.1:
  version "2.1.0"
  resolved "http://ai-linapp1022.statoil.no:4873/domino/-/domino-2.1.0.tgz#653ba7d331441113b42e40ba05f24253ec86e02e"

parse5@^5.0.0:
  version "5.1.0"
  resolved "http://ai-linapp1022.statoil.no:4873/parse5/-/parse5-5.1.0.tgz#c59341c9723f414c452975564c7c00a68d58acd2"

rxjs@^6.0.0:
  version "6.2.2"
  resolved "http://ai-linapp1022.statoil.no:4873/rxjs/-/rxjs-6.2.2.tgz#eb75fa3c186ff5289907d06483a77884586e1cf9"
  dependencies:
    tslib "^1.9.0"

tslib@^1.7.1, tslib@^1.9.0:
  version "1.9.3"
  resolved "http://ai-linapp1022.statoil.no:4873/tslib/-/tslib-1.9.3.tgz#d7e4dd79245d85428c4d7e4822a79917954ca286"

typeface-roboto@^0.0.43:
  version "0.0.43"
  resolved "http://ai-linapp1022.statoil.no:4873/typeface-roboto/-/typeface-roboto-0.0.43.tgz#204b8b18f052f14c09862b6f5b7f1fd24d4f1b3a"

xhr2@^0.1.4:
  version "0.1.4"
  resolved "http://ai-linapp1022.statoil.no:4873/xhr2/-/xhr2-0.1.4.tgz#7f87658847716db5026323812f818cadab387a5f"

zone.js@~0.8.26:
  version "0.8.26"
  resolved "http://ai-linapp1022.statoil.no:4873/zone.js/-/zone.js-0.8.26.tgz#7bdd72f7668c5a7ad6b118148b4ea39c59d08d2d"
